# This file is automatically @generated by Cargo.
# It is not intended for manual editing.
version = 4

[[package]]
name = "libheifer"
version = "0.1.0"
dependencies = [
 "rusty_h265",
]

[[package]]
name = "libheifer-capi"
version = "0.1.0"
dependencies = [
 "libheifer",
]

[[package]]
name = "rusty_h265"
version = "0.6.0"
dependencies = [
 "rusty_h265-accel",
]

[[package]]
name = "rusty_h265-accel"
version = "0.6.0"
source = "registry+https://github.com/rust-lang/crates.io-index"
checksum = "bba7bb825f634907ff7684a14f4abd999d477e8f7b7a9a8ebbf79ba3ffe0b329"
